
Microsoft Visual Studio Solution File, Format Version 11.00
# Visual C# Express 2010
Project("{FAE04EC0-301F-11D3-BF4B-00C04F79EFBC}") = "ImageView", "ImageView\ImageView.csproj", "{B5EE02A6-22CF-475C-B88D-3AB2CA6B0A09}"
EndProject
Global
	GlobalSection(SolutionConfigurationPlatforms) = preSolution
		Debug|x86 = Debug|x86
		Release|x86 = Release|x86
	EndGlobalSection
	GlobalSection(ProjectConfigurationPlatforms) = postSolution
		{B5EE02A6-22CF-475C-B88D-3AB2CA6B0A09}.Debug|x86.ActiveCfg = Debug|x86
		{B5EE02A6-22CF-475C-B88D-3AB2CA6B0A09}.Debug|x86.Build.0 = Debug|x86
		{B5EE02A6-22CF-475C-B88D-3AB2CA6B0A09}.Release|x86.ActiveCfg = Release|x86
		{B5EE02A6-22CF-475C-B88D-3AB2CA6B0A09}.Release|x86.Build.0 = Release|x86
	EndGlobalSection
	GlobalSection(SolutionProperties) = preSolution
		HideSolutionNode = FALSE
	EndGlobalSection
EndGlobal
